
Microsoft Visual Studio Solution File, Format Version 12.00
# Visual Studio Version 17
VisualStudioVersion = 17.0.31912.275
MinimumVisualStudioVersion = 10.0.40219.1
Project("{FAE04EC0-301F-11D3-BF4B-00C04F79EFBC}") = "DataBaseCourseWork", "DataBaseCourseWork\DataBaseCourseWork.csproj", "{FF769C5E-64F0-4AF7-BB5D-D168E010AFB4}"
EndProject
Global
	GlobalSection(SolutionConfigurationPlatforms) = preSolution
		Debug|Any CPU = Debug|Any CPU
		Release|Any CPU = Release|Any CPU
	EndGlobalSection
	GlobalSection(ProjectConfigurationPlatforms) = postSolution
		{FF769C5E-64F0-4AF7-BB5D-D168E010AFB4}.Debug|Any CPU.ActiveCfg = Debug|Any CPU
		{FF769C5E-64F0-4AF7-BB5D-D168E010AFB4}.Debug|Any CPU.Build.0 = Debug|Any CPU
		{FF769C5E-64F0-4AF7-BB5D-D168E010AFB4}.Release|Any CPU.ActiveCfg = Release|Any CPU
		{FF769C5E-64F0-4AF7-BB5D-D168E010AFB4}.Release|Any CPU.Build.0 = Release|Any CPU
	EndGlobalSection
	GlobalSection(SolutionProperties) = preSolution
		HideSolutionNode = FALSE
	EndGlobalSection
	GlobalSection(ExtensibilityGlobals) = postSolution
		SolutionGuid = {857BEF80-86A4-4EA9-BF1A-7E54D8D7DDFC}
	EndGlobalSection
EndGlobal
